
Microsoft Visual Studio Solution File, Format Version 12.00
# Visual Studio Version 17
VisualStudioVersion = 17.9.34728.123
MinimumVisualStudioVersion = 10.0.40219.1
Project("{9A19103F-16F7-4668-BE54-9A1E7A4F7556}") = "ProductsMVC", "ProductsMVC\ProductsMVC.csproj", "{CE83BB8F-F120-4476-81B9-07E31E4CD246}"
EndProject
Project("{9A19103F-16F7-4668-BE54-9A1E7A4F7556}") = "FunctionApp3", "FunctionApp3\FunctionApp3.csproj", "{A104E1BB-78BA-4DF8-8993-E9FFA3E4E46A}"
EndProject
Global
	GlobalSection(SolutionConfigurationPlatforms) = preSolution
		Debug|Any CPU = Debug|Any CPU
		Release|Any CPU = Release|Any CPU
	EndGlobalSection
	GlobalSection(ProjectConfigurationPlatforms) = postSolution
		{CE83BB8F-F120-4476-81B9-07E31E4CD246}.Debug|Any CPU.ActiveCfg = Debug|Any CPU
		{CE83BB8F-F120-4476-81B9-07E31E4CD246}.Debug|Any CPU.Build.0 = Debug|Any CPU
		{CE83BB8F-F120-4476-81B9-07E31E4CD246}.Release|Any CPU.ActiveCfg = Release|Any CPU
		{CE83BB8F-F120-4476-81B9-07E31E4CD246}.Release|Any CPU.Build.0 = Release|Any CPU
		{A104E1BB-78BA-4DF8-8993-E9FFA3E4E46A}.Debug|Any CPU.ActiveCfg = Debug|Any CPU
		{A104E1BB-78BA-4DF8-8993-E9FFA3E4E46A}.Debug|Any CPU.Build.0 = Debug|Any CPU
		{A104E1BB-78BA-4DF8-8993-E9FFA3E4E46A}.Release|Any CPU.ActiveCfg = Release|Any CPU
		{A104E1BB-78BA-4DF8-8993-E9FFA3E4E46A}.Release|Any CPU.Build.0 = Release|Any CPU
	EndGlobalSection
	GlobalSection(SolutionProperties) = preSolution
		HideSolutionNode = FALSE
	EndGlobalSection
	GlobalSection(ExtensibilityGlobals) = postSolution
		SolutionGuid = {DE656430-C855-470B-A947-EEAC1C614AE2}
	EndGlobalSection
EndGlobal
